{
  "requires": true,
  "lockfileVersion": 1,
  "dependencies": {
    "alert-node": {
      "version": "1.2.1",
      "resolved": "https://registry.npmjs.org/alert-node/-/alert-node-1.2.1.tgz",
      "integrity": "sha512-Uf4Sk/K70HJFN8zbkhksx6ZG48Tiy5PEnznzRp2v63RJrThidEa9eQW3FbHSL+n/X+g5TB4tieeiRjPNU0CWSQ=="
    },
    "dialog": {
      "version": "0.3.1",
      "resolved": "https://registry.npmjs.org/dialog/-/dialog-0.3.1.tgz",
      "integrity": "sha1-j9m0f9sne7noIXK7bia8V4qmElQ="
    }
  }
}
